
Microsoft Visual Studio Solution File, Format Version 11.00
# Visual Studio 2010
Project("{FAE04EC0-301F-11D3-BF4B-00C04F79EFBC}") = "Assembly-CSharp", "Assembly-CSharp.csproj", "{9a8544a1-1f43-02dc-6d11-4ddced489c65}"
EndProject
Project("{FAE04EC0-301F-11D3-BF4B-00C04F79EFBC}") = "Assembly-CSharp-firstpass", "Assembly-CSharp-firstpass.csproj", "{94585d4f-a09f-246f-3665-6e8afd515e72}"
EndProject
Project("{FAE04EC0-301F-11D3-BF4B-00C04F79EFBC}") = "Assembly-CSharp-Editor-firstpass", "Assembly-CSharp-Editor-firstpass.csproj", "{25c3ec85-d123-d523-aba9-24c89e384da1}"
EndProject
Global
	GlobalSection(SolutionConfigurationPlatforms) = preSolution
		Debug|Any CPU = Debug|Any CPU
	EndGlobalSection
	GlobalSection(ProjectConfigurationPlatforms) = postSolution
		{9a8544a1-1f43-02dc-6d11-4ddced489c65}.Debug|Any CPU.ActiveCfg = Debug|Any CPU
		{9a8544a1-1f43-02dc-6d11-4ddced489c65}.Debug|Any CPU.Build.0 = Debug|Any CPU
		{94585d4f-a09f-246f-3665-6e8afd515e72}.Debug|Any CPU.ActiveCfg = Debug|Any CPU
		{94585d4f-a09f-246f-3665-6e8afd515e72}.Debug|Any CPU.Build.0 = Debug|Any CPU
		{25c3ec85-d123-d523-aba9-24c89e384da1}.Debug|Any CPU.ActiveCfg = Debug|Any CPU
		{25c3ec85-d123-d523-aba9-24c89e384da1}.Debug|Any CPU.Build.0 = Debug|Any CPU
	EndGlobalSection
	GlobalSection(SolutionProperties) = preSolution
		HideSolutionNode = FALSE
	EndGlobalSection
EndGlobal
